
Microsoft Visual Studio Solution File, Format Version 12.00
# Visual Studio Version 16
VisualStudioVersion = 16.0.30907.101
MinimumVisualStudioVersion = 10.0.40219.1
Project("{FAE04EC0-301F-11D3-BF4B-00C04F79EFBC}") = "AutomatedFactory", "AutomatedFactory.csproj", "{2FB8980E-551E-48A8-81B0-F741AED8E30A}"
EndProject
Global
	GlobalSection(SolutionConfigurationPlatforms) = preSolution
		Debug|Any CPU = Debug|Any CPU
		Release|Any CPU = Release|Any CPU
	EndGlobalSection
	GlobalSection(ProjectConfigurationPlatforms) = postSolution
		{2FB8980E-551E-48A8-81B0-F741AED8E30A}.Debug|Any CPU.ActiveCfg = Debug|Any CPU
		{2FB8980E-551E-48A8-81B0-F741AED8E30A}.Debug|Any CPU.Build.0 = Debug|Any CPU
		{2FB8980E-551E-48A8-81B0-F741AED8E30A}.Release|Any CPU.ActiveCfg = Release|Any CPU
		{2FB8980E-551E-48A8-81B0-F741AED8E30A}.Release|Any CPU.Build.0 = Release|Any CPU
	EndGlobalSection
	GlobalSection(SolutionProperties) = preSolution
		HideSolutionNode = FALSE
	EndGlobalSection
	GlobalSection(ExtensibilityGlobals) = postSolution
		SolutionGuid = {DAE83E53-A83C-43C6-9B53-52AB30D0C3CD}
	EndGlobalSection
EndGlobal
